{
  "name": "NewProject_mvvm_2",
  "lockfileVersion": 3,
  "requires": true,
  "packages": {
    "": {
      "name": "NewProject_mvvm_2",
      "dependencies": {
        "@esengine/mvvm-ui-framework": "^1.1.7"
      }
    },
    "node_modules/@esengine/mvvm-ui-framework": {
      "version": "1.1.7",
      "resolved": "https://registry.npmmirror.com/@esengine/mvvm-ui-framework/-/mvvm-ui-framework-1.1.7.tgz",
      "integrity": "sha512-1WmnIA0RDlAD83UYURJjtsc7bdmK41whJ3e933osmIrw83p1HtHMDsTC37UoWsXnFoczrjJh2cXNexOnNv9vYw==",
      "license": "MIT",
      "dependencies": {
        "reflect-metadata": "^0.1.13"
      },
      "engines": {
        "node": ">=16.0.0"
      }
    },
    "node_modules/reflect-metadata": {
      "version": "0.1.14",
      "resolved": "https://registry.npmmirror.com/reflect-metadata/-/reflect-metadata-0.1.14.tgz",
      "integrity": "sha512-ZhYeb6nRaXCfhnndflDK8qI6ZQ/YcWZCISRAWICW9XYqMUwjZM9Z0DveWX/ABN01oxSHwVxKQmxeYZSsm0jh5A==",
      "license": "Apache-2.0"
    }
  }
}
